// !$*UTF8*$!
{
	archiveVersion = 1;
	classes = {
	};
	objectVersion = 56;
	objects = {

/* Begin PBXBuildFile section */
		37313E4D2A6B6B5900D3C058 /* FlipClockApp.swift in Sources */ = {isa = PBXBuildFile; fileRef = 37313E4C2A6B6B5900D3C058 /* FlipClockApp.swift */; };
		37313E4F2A6B6B5900D3C058 /* ContentView.swift in Sources */ = {isa = PBXBuildFile; fileRef = 37313E4E2A6B6B5900D3C058 /* ContentView.swift */; };
		37313E512A6B6B5B00D3C058 /* Assets.xcassets in Resources */ = {isa = PBXBuildFile; fileRef = 37313E502A6B6B5B00D3C058 /* Assets.xcassets */; };
		37313E552A6B6B5B00D3C058 /* Preview Assets.xcassets in Resources */ = {isa = PBXBuildFile; fileRef = 37313E542A6B6B5B00D3C058 /* Preview Assets.xcassets */; };
		377F536C2A81435F00A9FF3C /* CornerRoundedRectangle in Frameworks */ = {isa = PBXBuildFile; productRef = 377F536B2A81435F00A9FF3C /* CornerRoundedRectangle */; };
		377F536E2A817DAA00A9FF3C /* FlipTextPlacement.swift in Sources */ = {isa = PBXBuildFile; fileRef = 377F536D2A817DAA00A9FF3C /* FlipTextPlacement.swift */; };
		377F53702A8184F700A9FF3C /* FlipDial.swift in Sources */ = {isa = PBXBuildFile; fileRef = 377F536F2A8184F700A9FF3C /* FlipDial.swift */; };
		377F53722A82C14600A9FF3C /* ClockManager.swift in Sources */ = {isa = PBXBuildFile; fileRef = 377F53712A82C14600A9FF3C /* ClockManager.swift */; };
		377F53782A82EAAF00A9FF3C /* Date+Extensions.swift in Sources */ = {isa = PBXBuildFile; fileRef = 377F53772A82EAAF00A9FF3C /* Date+Extensions.swift */; };
		377F537A2A831BD000A9FF3C /* FlipTextInfo.swift in Sources */ = {isa = PBXBuildFile; fileRef = 377F53792A831BD000A9FF3C /* FlipTextInfo.swift */; };
		378CD2FD2A7D55D4000B324F /* ClockView.swift in Sources */ = {isa = PBXBuildFile; fileRef = 378CD2FC2A7D55D3000B324F /* ClockView.swift */; };
		378CD2FF2A803722000B324F /* NavBar.swift in Sources */ = {isa = PBXBuildFile; fileRef = 378CD2FE2A803722000B324F /* NavBar.swift */; };
		378CD3012A8053F1000B324F /* FlipTextHalf.swift in Sources */ = {isa = PBXBuildFile; fileRef = 378CD3002A8053F1000B324F /* FlipTextHalf.swift */; };
		378CD3032A805562000B324F /* FlipText.swift in Sources */ = {isa = PBXBuildFile; fileRef = 378CD3022A805562000B324F /* FlipText.swift */; };
		378CD3052A80557B000B324F /* FlipTextHalfPlacement.swift in Sources */ = {isa = PBXBuildFile; fileRef = 378CD3042A80557B000B324F /* FlipTextHalfPlacement.swift */; };
		378CD3092A808AFD000B324F /* NeoRoundedRectangleConfiguration.swift in Sources */ = {isa = PBXBuildFile; fileRef = 378CD3082A808AFD000B324F /* NeoRoundedRectangleConfiguration.swift */; };
		37934D982A857BD90043A851 /* StopWatchView.swift in Sources */ = {isa = PBXBuildFile; fileRef = 37934D972A857BD90043A851 /* StopWatchView.swift */; };
		3794DCD52A8587B60063D9BE /* StopWatchManager.swift in Sources */ = {isa = PBXBuildFile; fileRef = 3794DCD42A8587B60063D9BE /* StopWatchManager.swift */; };
		3794DCD72A85B4C90063D9BE /* CapsuleButton.swift in Sources */ = {isa = PBXBuildFile; fileRef = 3794DCD62A85B4C90063D9BE /* CapsuleButton.swift */; };
		3794DCD92A85B83B0063D9BE /* OverlayTap.swift in Sources */ = {isa = PBXBuildFile; fileRef = 3794DCD82A85B83B0063D9BE /* OverlayTap.swift */; };
		3794DCDB2A85B8EB0063D9BE /* View+Extensions.swift in Sources */ = {isa = PBXBuildFile; fileRef = 3794DCDA2A85B8EB0063D9BE /* View+Extensions.swift */; };
		3794DCDD2A85B9E40063D9BE /* StopWatchState.swift in Sources */ = {isa = PBXBuildFile; fileRef = 3794DCDC2A85B9E40063D9BE /* StopWatchState.swift */; };
		3794DCE12A85C7C30063D9BE /* TimeInterval+Extensions.swift in Sources */ = {isa = PBXBuildFile; fileRef = 3794DCE02A85C7C30063D9BE /* TimeInterval+Extensions.swift */; };
		3794DCE32A85C8C60063D9BE /* Int+Extensions.swift in Sources */ = {isa = PBXBuildFile; fileRef = 3794DCE22A85C8C60063D9BE /* Int+Extensions.swift */; };
		3794DCE52A86FFFF0063D9BE /* TimerView.swift in Sources */ = {isa = PBXBuildFile; fileRef = 3794DCE42A86FFFF0063D9BE /* TimerView.swift */; };
		3794DCE72A87002D0063D9BE /* TimerManager.swift in Sources */ = {isa = PBXBuildFile; fileRef = 3794DCE62A87002D0063D9BE /* TimerManager.swift */; };
		3794DCE92A8701680063D9BE /* TimerState.swift in Sources */ = {isa = PBXBuildFile; fileRef = 3794DCE82A8701680063D9BE /* TimerState.swift */; };
		3794DCEB2A8712540063D9BE /* TimerInfo.swift in Sources */ = {isa = PBXBuildFile; fileRef = 3794DCEA2A8712540063D9BE /* TimerInfo.swift */; };
		3795BB452A7ACFFF0067BBFD /* ConfigurationView.swift in Sources */ = {isa = PBXBuildFile; fileRef = 3795BB442A7ACFFF0067BBFD /* ConfigurationView.swift */; };
		3795BB482A7AEE4B0067BBFD /* ColorCircle.swift in Sources */ = {isa = PBXBuildFile; fileRef = 3795BB472A7AEE4B0067BBFD /* ColorCircle.swift */; };
		3795BB4A2A7B26F80067BBFD /* CircleColorPicker.swift in Sources */ = {isa = PBXBuildFile; fileRef = 3795BB492A7B26F80067BBFD /* CircleColorPicker.swift */; };
		3795BB4C2A7B2C5B0067BBFD /* ColorInfoSelector.swift in Sources */ = {isa = PBXBuildFile; fileRef = 3795BB4B2A7B2C5B0067BBFD /* ColorInfoSelector.swift */; };
		3795BB4E2A7B3C140067BBFD /* TabBar.swift in Sources */ = {isa = PBXBuildFile; fileRef = 3795BB4D2A7B3C140067BBFD /* TabBar.swift */; };
		3795BB502A7BE48F0067BBFD /* Color+Extensions.swift in Sources */ = {isa = PBXBuildFile; fileRef = 3795BB4F2A7BE48F0067BBFD /* Color+Extensions.swift */; };
		379D968B2A7BF27000376455 /* TabOption.swift in Sources */ = {isa = PBXBuildFile; fileRef = 379D968A2A7BF27000376455 /* TabOption.swift */; };
		379D96932A7C3C9A00376455 /* NeoRoundedRectangle.swift in Sources */ = {isa = PBXBuildFile; fileRef = 379D96922A7C3C9A00376455 /* NeoRoundedRectangle.swift */; };
		379D96962A7C778500376455 /* .swiftlint.yml in Resources */ = {isa = PBXBuildFile; fileRef = 379D96952A7C778500376455 /* .swiftlint.yml */; };
		37ADE38C2A72FE0B00FA4139 /* Settings.swift in Sources */ = {isa = PBXBuildFile; fileRef = 37ADE38B2A72FE0B00FA4139 /* Settings.swift */; };
		37ADE38E2A73040400FA4139 /* ColorInfo.swift in Sources */ = {isa = PBXBuildFile; fileRef = 37ADE38D2A73040400FA4139 /* ColorInfo.swift */; };
		37ADE3902A7308F100FA4139 /* PaletteColor.swift in Sources */ = {isa = PBXBuildFile; fileRef = 37ADE38F2A7308F100FA4139 /* PaletteColor.swift */; };
		37ADE3922A73110B00FA4139 /* HourFormat.swift in Sources */ = {isa = PBXBuildFile; fileRef = 37ADE3912A73110B00FA4139 /* HourFormat.swift */; };
		37ADE3942A73303B00FA4139 /* SettingsManager.swift in Sources */ = {isa = PBXBuildFile; fileRef = 37ADE3932A73303B00FA4139 /* SettingsManager.swift */; };
/* End PBXBuildFile section */

/* Begin PBXFileReference section */
		37313E492A6B6B5900D3C058 /* FlipClock.app */ = {isa = PBXFileReference; explicitFileType = wrapper.application; includeInIndex = 0; path = FlipClock.app; sourceTree = BUILT_PRODUCTS_DIR; };
		37313E4C2A6B6B5900D3C058 /* FlipClockApp.swift */ = {isa = PBXFileReference; lastKnownFileType = sourcecode.swift; path = FlipClockApp.swift; sourceTree = "<group>"; };
		37313E4E2A6B6B5900D3C058 /* ContentView.swift */ = {isa = PBXFileReference; lastKnownFileType = sourcecode.swift; path = ContentView.swift; sourceTree = "<group>"; };
		37313E502A6B6B5B00D3C058 /* Assets.xcassets */ = {isa = PBXFileReference; lastKnownFileType = folder.assetcatalog; path = Assets.xcassets; sourceTree = "<group>"; };
		37313E522A6B6B5B00D3C058 /* FlipClock.entitlements */ = {isa = PBXFileReference; lastKnownFileType = text.plist.entitlements; path = FlipClock.entitlements; sourceTree = "<group>"; };
		37313E542A6B6B5B00D3C058 /* Preview Assets.xcassets */ = {isa = PBXFileReference; lastKnownFileType = folder.assetcatalog; path = "Preview Assets.xcassets"; sourceTree = "<group>"; };
		377F536D2A817DAA00A9FF3C /* FlipTextPlacement.swift */ = {isa = PBXFileReference; lastKnownFileType = sourcecode.swift; path = FlipTextPlacement.swift; sourceTree = "<group>"; };
		377F536F2A8184F700A9FF3C /* FlipDial.swift */ = {isa = PBXFileReference; lastKnownFileType = sourcecode.swift; path = FlipDial.swift; sourceTree = "<group>"; };
		377F53712A82C14600A9FF3C /* ClockManager.swift */ = {isa = PBXFileReference; lastKnownFileType = sourcecode.swift; path = ClockManager.swift; sourceTree = "<group>"; };
		377F53772A82EAAF00A9FF3C /* Date+Extensions.swift */ = {isa = PBXFileReference; lastKnownFileType = sourcecode.swift; path = "Date+Extensions.swift"; sourceTree = "<group>"; };
		377F53792A831BD000A9FF3C /* FlipTextInfo.swift */ = {isa = PBXFileReference; lastKnownFileType = sourcecode.swift; path = FlipTextInfo.swift; sourceTree = "<group>"; };
		378CD2FC2A7D55D3000B324F /* ClockView.swift */ = {isa = PBXFileReference; lastKnownFileType = sourcecode.swift; path = ClockView.swift; sourceTree = "<group>"; };
		378CD2FE2A803722000B324F /* NavBar.swift */ = {isa = PBXFileReference; lastKnownFileType = sourcecode.swift; path = NavBar.swift; sourceTree = "<group>"; };
		378CD3002A8053F1000B324F /* FlipTextHalf.swift */ = {isa = PBXFileReference; lastKnownFileType = sourcecode.swift; path = FlipTextHalf.swift; sourceTree = "<group>"; };
		378CD3022A805562000B324F /* FlipText.swift */ = {isa = PBXFileReference; lastKnownFileType = sourcecode.swift; path = FlipText.swift; sourceTree = "<group>"; };
		378CD3042A80557B000B324F /* FlipTextHalfPlacement.swift */ = {isa = PBXFileReference; lastKnownFileType = sourcecode.swift; path = FlipTextHalfPlacement.swift; sourceTree = "<group>"; };
		378CD3082A808AFD000B324F /* NeoRoundedRectangleConfiguration.swift */ = {isa = PBXFileReference; lastKnownFileType = sourcecode.swift; path = NeoRoundedRectangleConfiguration.swift; sourceTree = "<group>"; };
		37934D972A857BD90043A851 /* StopWatchView.swift */ = {isa = PBXFileReference; lastKnownFileType = sourcecode.swift; path = StopWatchView.swift; sourceTree = "<group>"; };
		3794DCD42A8587B60063D9BE /* StopWatchManager.swift */ = {isa = PBXFileReference; lastKnownFileType = sourcecode.swift; path = StopWatchManager.swift; sourceTree = "<group>"; };
		3794DCD62A85B4C90063D9BE /* CapsuleButton.swift */ = {isa = PBXFileReference; lastKnownFileType = sourcecode.swift; path = CapsuleButton.swift; sourceTree = "<group>"; };
		3794DCD82A85B83B0063D9BE /* OverlayTap.swift */ = {isa = PBXFileReference; lastKnownFileType = sourcecode.swift; path = OverlayTap.swift; sourceTree = "<group>"; };
		3794DCDA2A85B8EB0063D9BE /* View+Extensions.swift */ = {isa = PBXFileReference; lastKnownFileType = sourcecode.swift; path = "View+Extensions.swift"; sourceTree = "<group>"; };
		3794DCDC2A85B9E40063D9BE /* StopWatchState.swift */ = {isa = PBXFileReference; lastKnownFileType = sourcecode.swift; path = StopWatchState.swift; sourceTree = "<group>"; };
		3794DCE02A85C7C30063D9BE /* TimeInterval+Extensions.swift */ = {isa = PBXFileReference; lastKnownFileType = sourcecode.swift; path = "TimeInterval+Extensions.swift"; sourceTree = "<group>"; };
		3794DCE22A85C8C60063D9BE /* Int+Extensions.swift */ = {isa = PBXFileReference; lastKnownFileType = sourcecode.swift; path = "Int+Extensions.swift"; sourceTree = "<group>"; };
		3794DCE42A86FFFF0063D9BE /* TimerView.swift */ = {isa = PBXFileReference; lastKnownFileType = sourcecode.swift; path = TimerView.swift; sourceTree = "<group>"; };
		3794DCE62A87002D0063D9BE /* TimerManager.swift */ = {isa = PBXFileReference; lastKnownFileType = sourcecode.swift; path = TimerManager.swift; sourceTree = "<group>"; };
		3794DCE82A8701680063D9BE /* TimerState.swift */ = {isa = PBXFileReference; lastKnownFileType = sourcecode.swift; path = TimerState.swift; sourceTree = "<group>"; };
		3794DCEA2A8712540063D9BE /* TimerInfo.swift */ = {isa = PBXFileReference; lastKnownFileType = sourcecode.swift; path = TimerInfo.swift; sourceTree = "<group>"; };
		3795BB442A7ACFFF0067BBFD /* ConfigurationView.swift */ = {isa = PBXFileReference; lastKnownFileType = sourcecode.swift; path = ConfigurationView.swift; sourceTree = "<group>"; };
		3795BB472A7AEE4B0067BBFD /* ColorCircle.swift */ = {isa = PBXFileReference; lastKnownFileType = sourcecode.swift; path = ColorCircle.swift; sourceTree = "<group>"; };
		3795BB492A7B26F80067BBFD /* CircleColorPicker.swift */ = {isa = PBXFileReference; lastKnownFileType = sourcecode.swift; path = CircleColorPicker.swift; sourceTree = "<group>"; };
		3795BB4B2A7B2C5B0067BBFD /* ColorInfoSelector.swift */ = {isa = PBXFileReference; lastKnownFileType = sourcecode.swift; path = ColorInfoSelector.swift; sourceTree = "<group>"; };
		3795BB4D2A7B3C140067BBFD /* TabBar.swift */ = {isa = PBXFileReference; lastKnownFileType = sourcecode.swift; path = TabBar.swift; sourceTree = "<group>"; };
		3795BB4F2A7BE48F0067BBFD /* Color+Extensions.swift */ = {isa = PBXFileReference; lastKnownFileType = sourcecode.swift; path = "Color+Extensions.swift"; sourceTree = "<group>"; };
		379D968A2A7BF27000376455 /* TabOption.swift */ = {isa = PBXFileReference; lastKnownFileType = sourcecode.swift; path = TabOption.swift; sourceTree = "<group>"; };
		379D96922A7C3C9A00376455 /* NeoRoundedRectangle.swift */ = {isa = PBXFileReference; lastKnownFileType = sourcecode.swift; path = NeoRoundedRectangle.swift; sourceTree = "<group>"; };
		379D96952A7C778500376455 /* .swiftlint.yml */ = {isa = PBXFileReference; lastKnownFileType = text.yaml; path = .swiftlint.yml; sourceTree = "<group>"; };
		37ADE38B2A72FE0B00FA4139 /* Settings.swift */ = {isa = PBXFileReference; lastKnownFileType = sourcecode.swift; path = Settings.swift; sourceTree = "<group>"; };
		37ADE38D2A73040400FA4139 /* ColorInfo.swift */ = {isa = PBXFileReference; lastKnownFileType = sourcecode.swift; path = ColorInfo.swift; sourceTree = "<group>"; };
		37ADE38F2A7308F100FA4139 /* PaletteColor.swift */ = {isa = PBXFileReference; lastKnownFileType = sourcecode.swift; path = PaletteColor.swift; sourceTree = "<group>"; };
		37ADE3912A73110B00FA4139 /* HourFormat.swift */ = {isa = PBXFileReference; lastKnownFileType = sourcecode.swift; path = HourFormat.swift; sourceTree = "<group>"; };
		37ADE3932A73303B00FA4139 /* SettingsManager.swift */ = {isa = PBXFileReference; lastKnownFileType = sourcecode.swift; path = SettingsManager.swift; sourceTree = "<group>"; };
/* End PBXFileReference section */

/* Begin PBXFrameworksBuildPhase section */
		37313E462A6B6B5900D3C058 /* Frameworks */ = {
			isa = PBXFrameworksBuildPhase;
			buildActionMask = 2147483647;
			files = (
				377F536C2A81435F00A9FF3C /* CornerRoundedRectangle in Frameworks */,
			);
			runOnlyForDeploymentPostprocessing = 0;
		};
/* End PBXFrameworksBuildPhase section */

/* Begin PBXGroup section */
		37313E402A6B6B5900D3C058 = {
			isa = PBXGroup;
			children = (
				379D96952A7C778500376455 /* .swiftlint.yml */,
				37313E4B2A6B6B5900D3C058 /* FlipClock */,
				37313E4A2A6B6B5900D3C058 /* Products */,
			);
			sourceTree = "<group>";
		};
		37313E4A2A6B6B5900D3C058 /* Products */ = {
			isa = PBXGroup;
			children = (
				37313E492A6B6B5900D3C058 /* FlipClock.app */,
			);
			name = Products;
			sourceTree = "<group>";
		};
		37313E4B2A6B6B5900D3C058 /* FlipClock */ = {
			isa = PBXGroup;
			children = (
				379D96892A7BF22C00376455 /* Enums */,
				3795BB462A7AEE400067BBFD /* Components */,
				37ADE3952A7338B400FA4139 /* Extensions */,
				37ADE38A2A72FDEE00FA4139 /* Models */,
				37ADE3892A72FD4500FA4139 /* Logic */,
				37ADE3882A72FB4100FA4139 /* Views */,
				37313E4C2A6B6B5900D3C058 /* FlipClockApp.swift */,
				37313E502A6B6B5B00D3C058 /* Assets.xcassets */,
				37313E522A6B6B5B00D3C058 /* FlipClock.entitlements */,
				37313E532A6B6B5B00D3C058 /* Preview Content */,
			);
			path = FlipClock;
			sourceTree = "<group>";
		};
		37313E532A6B6B5B00D3C058 /* Preview Content */ = {
			isa = PBXGroup;
			children = (
				37313E542A6B6B5B00D3C058 /* Preview Assets.xcassets */,
			);
			path = "Preview Content";
			sourceTree = "<group>";
		};
		3795BB462A7AEE400067BBFD /* Components */ = {
			isa = PBXGroup;
			children = (
				3795BB472A7AEE4B0067BBFD /* ColorCircle.swift */,
				3795BB492A7B26F80067BBFD /* CircleColorPicker.swift */,
				3795BB4B2A7B2C5B0067BBFD /* ColorInfoSelector.swift */,
				3795BB4D2A7B3C140067BBFD /* TabBar.swift */,
				379D96922A7C3C9A00376455 /* NeoRoundedRectangle.swift */,
				378CD2FE2A803722000B324F /* NavBar.swift */,
				378CD3002A8053F1000B324F /* FlipTextHalf.swift */,
				378CD3022A805562000B324F /* FlipText.swift */,
				377F536F2A8184F700A9FF3C /* FlipDial.swift */,
				3794DCD62A85B4C90063D9BE /* CapsuleButton.swift */,
				3794DCD82A85B83B0063D9BE /* OverlayTap.swift */,
			);
			path = Components;
			sourceTree = "<group>";
		};
		379D96892A7BF22C00376455 /* Enums */ = {
			isa = PBXGroup;
			children = (
				37ADE38F2A7308F100FA4139 /* PaletteColor.swift */,
				37ADE3912A73110B00FA4139 /* HourFormat.swift */,
				379D968A2A7BF27000376455 /* TabOption.swift */,
				378CD3042A80557B000B324F /* FlipTextHalfPlacement.swift */,
				377F536D2A817DAA00A9FF3C /* FlipTextPlacement.swift */,
				3794DCDC2A85B9E40063D9BE /* StopWatchState.swift */,
				3794DCE82A8701680063D9BE /* TimerState.swift */,
			);
			path = Enums;
			sourceTree = "<group>";
		};
		37ADE3882A72FB4100FA4139 /* Views */ = {
			isa = PBXGroup;
			children = (
				37313E4E2A6B6B5900D3C058 /* ContentView.swift */,
				3795BB442A7ACFFF0067BBFD /* ConfigurationView.swift */,
				378CD2FC2A7D55D3000B324F /* ClockView.swift */,
				37934D972A857BD90043A851 /* StopWatchView.swift */,
				3794DCE42A86FFFF0063D9BE /* TimerView.swift */,
			);
			path = Views;
			sourceTree = "<group>";
		};
		37ADE3892A72FD4500FA4139 /* Logic */ = {
			isa = PBXGroup;
			children = (
				37ADE3932A73303B00FA4139 /* SettingsManager.swift */,
				377F53712A82C14600A9FF3C /* ClockManager.swift */,
				3794DCD42A8587B60063D9BE /* StopWatchManager.swift */,
				3794DCE62A87002D0063D9BE /* TimerManager.swift */,
			);
			path = Logic;
			sourceTree = "<group>";
		};
		37ADE38A2A72FDEE00FA4139 /* Models */ = {
			isa = PBXGroup;
			children = (
				37ADE38B2A72FE0B00FA4139 /* Settings.swift */,
				37ADE38D2A73040400FA4139 /* ColorInfo.swift */,
				378CD3082A808AFD000B324F /* NeoRoundedRectangleConfiguration.swift */,
				377F53792A831BD000A9FF3C /* FlipTextInfo.swift */,
				3794DCEA2A8712540063D9BE /* TimerInfo.swift */,
			);
			path = Models;
			sourceTree = "<group>";
		};
		37ADE3952A7338B400FA4139 /* Extensions */ = {
			isa = PBXGroup;
			children = (
				3795BB4F2A7BE48F0067BBFD /* Color+Extensions.swift */,
				377F53772A82EAAF00A9FF3C /* Date+Extensions.swift */,
				3794DCDA2A85B8EB0063D9BE /* View+Extensions.swift */,
				3794DCE02A85C7C30063D9BE /* TimeInterval+Extensions.swift */,
				3794DCE22A85C8C60063D9BE /* Int+Extensions.swift */,
			);
			path = Extensions;
			sourceTree = "<group>";
		};
/* End PBXGroup section */

/* Begin PBXNativeTarget section */
		37313E482A6B6B5900D3C058 /* FlipClock */ = {
			isa = PBXNativeTarget;
			buildConfigurationList = 37313E582A6B6B5B00D3C058 /* Build configuration list for PBXNativeTarget "FlipClock" */;
			buildPhases = (
				37313E452A6B6B5900D3C058 /* Sources */,
				37313E462A6B6B5900D3C058 /* Frameworks */,
				37313E472A6B6B5900D3C058 /* Resources */,
				379D96942A7C75D000376455 /* ShellScript */,
			);
			buildRules = (
			);
			dependencies = (
			);
			name = FlipClock;
			packageProductDependencies = (
				377F536B2A81435F00A9FF3C /* CornerRoundedRectangle */,
			);
			productName = FlipClock;
			productReference = 37313E492A6B6B5900D3C058 /* FlipClock.app */;
			productType = "com.apple.product-type.application";
		};
/* End PBXNativeTarget section */

/* Begin PBXProject section */
		37313E412A6B6B5900D3C058 /* Project object */ = {
			isa = PBXProject;
			attributes = {
				BuildIndependentTargetsInParallel = 1;
				LastSwiftUpdateCheck = 1430;
				LastUpgradeCheck = 1430;
				TargetAttributes = {
					37313E482A6B6B5900D3C058 = {
						CreatedOnToolsVersion = 14.3.1;
					};
				};
			};
			buildConfigurationList = 37313E442A6B6B5900D3C058 /* Build configuration list for PBXProject "FlipClock" */;
			compatibilityVersion = "Xcode 14.0";
			developmentRegion = en;
			hasScannedForEncodings = 0;
			knownRegions = (
				en,
				Base,
			);
			mainGroup = 37313E402A6B6B5900D3C058;
			packageReferences = (
				377F536A2A81435F00A9FF3C /* XCRemoteSwiftPackageReference "CornerRoundedRectangle" */,
			);
			productRefGroup = 37313E4A2A6B6B5900D3C058 /* Products */;
			projectDirPath = "";
			projectRoot = "";
			targets = (
				37313E482A6B6B5900D3C058 /* FlipClock */,
			);
		};
/* End PBXProject section */

/* Begin PBXResourcesBuildPhase section */
		37313E472A6B6B5900D3C058 /* Resources */ = {
			isa = PBXResourcesBuildPhase;
			buildActionMask = 2147483647;
			files = (
				379D96962A7C778500376455 /* .swiftlint.yml in Resources */,
				37313E552A6B6B5B00D3C058 /* Preview Assets.xcassets in Resources */,
				37313E512A6B6B5B00D3C058 /* Assets.xcassets in Resources */,
			);
			runOnlyForDeploymentPostprocessing = 0;
		};
/* End PBXResourcesBuildPhase section */

/* Begin PBXShellScriptBuildPhase section */
		379D96942A7C75D000376455 /* ShellScript */ = {
			isa = PBXShellScriptBuildPhase;
			alwaysOutOfDate = 1;
			buildActionMask = 2147483647;
			files = (
			);
			inputFileListPaths = (
			);
			inputPaths = (
			);
			outputFileListPaths = (
			);
			outputPaths = (
			);
			runOnlyForDeploymentPostprocessing = 0;
			shellPath = /bin/sh;
			shellScript = "if which swiftlint > /dev/null; then\n  swiftlint\nelse\n  echo \"warning: SwiftLint not installed, download from https://github.com/realm/SwiftLint\"\nfi\n";
		};
/* End PBXShellScriptBuildPhase section */

/* Begin PBXSourcesBuildPhase section */
		37313E452A6B6B5900D3C058 /* Sources */ = {
			isa = PBXSourcesBuildPhase;
			buildActionMask = 2147483647;
			files = (
				3794DCE52A86FFFF0063D9BE /* TimerView.swift in Sources */,
				3794DCEB2A8712540063D9BE /* TimerInfo.swift in Sources */,
				3794DCE92A8701680063D9BE /* TimerState.swift in Sources */,
				3794DCD92A85B83B0063D9BE /* OverlayTap.swift in Sources */,
				3794DCDB2A85B8EB0063D9BE /* View+Extensions.swift in Sources */,
				379D968B2A7BF27000376455 /* TabOption.swift in Sources */,
				3794DCE32A85C8C60063D9BE /* Int+Extensions.swift in Sources */,
				378CD3092A808AFD000B324F /* NeoRoundedRectangleConfiguration.swift in Sources */,
				378CD2FD2A7D55D4000B324F /* ClockView.swift in Sources */,
				377F53702A8184F700A9FF3C /* FlipDial.swift in Sources */,
				377F53722A82C14600A9FF3C /* ClockManager.swift in Sources */,
				3794DCE12A85C7C30063D9BE /* TimeInterval+Extensions.swift in Sources */,
				37ADE3902A7308F100FA4139 /* PaletteColor.swift in Sources */,
				3795BB452A7ACFFF0067BBFD /* ConfigurationView.swift in Sources */,
				3794DCE72A87002D0063D9BE /* TimerManager.swift in Sources */,
				37ADE38C2A72FE0B00FA4139 /* Settings.swift in Sources */,
				378CD2FF2A803722000B324F /* NavBar.swift in Sources */,
				378CD3012A8053F1000B324F /* FlipTextHalf.swift in Sources */,
				37ADE3922A73110B00FA4139 /* HourFormat.swift in Sources */,
				3794DCDD2A85B9E40063D9BE /* StopWatchState.swift in Sources */,
				37ADE3942A73303B00FA4139 /* SettingsManager.swift in Sources */,
				37934D982A857BD90043A851 /* StopWatchView.swift in Sources */,
				37ADE38E2A73040400FA4139 /* ColorInfo.swift in Sources */,
				37313E4F2A6B6B5900D3C058 /* ContentView.swift in Sources */,
				3795BB502A7BE48F0067BBFD /* Color+Extensions.swift in Sources */,
				377F536E2A817DAA00A9FF3C /* FlipTextPlacement.swift in Sources */,
				3794DCD52A8587B60063D9BE /* StopWatchManager.swift in Sources */,
				37313E4D2A6B6B5900D3C058 /* FlipClockApp.swift in Sources */,
				3794DCD72A85B4C90063D9BE /* CapsuleButton.swift in Sources */,
				3795BB4E2A7B3C140067BBFD /* TabBar.swift in Sources */,
				377F53782A82EAAF00A9FF3C /* Date+Extensions.swift in Sources */,
				378CD3052A80557B000B324F /* FlipTextHalfPlacement.swift in Sources */,
				379D96932A7C3C9A00376455 /* NeoRoundedRectangle.swift in Sources */,
				3795BB482A7AEE4B0067BBFD /* ColorCircle.swift in Sources */,
				378CD3032A805562000B324F /* FlipText.swift in Sources */,
				377F537A2A831BD000A9FF3C /* FlipTextInfo.swift in Sources */,
				3795BB4A2A7B26F80067BBFD /* CircleColorPicker.swift in Sources */,
				3795BB4C2A7B2C5B0067BBFD /* ColorInfoSelector.swift in Sources */,
			);
			runOnlyForDeploymentPostprocessing = 0;
		};
/* End PBXSourcesBuildPhase section */

/* Begin XCBuildConfiguration section */
		37313E562A6B6B5B00D3C058 /* Debug */ = {
			isa = XCBuildConfiguration;
			buildSettings = {
				ALWAYS_SEARCH_USER_PATHS = NO;
				CLANG_ANALYZER_NONNULL = YES;
				CLANG_ANALYZER_NUMBER_OBJECT_CONVERSION = YES_AGGRESSIVE;
				CLANG_CXX_LANGUAGE_STANDARD = "gnu++20";
				CLANG_ENABLE_MODULES = YES;
				CLANG_ENABLE_OBJC_ARC = YES;
				CLANG_ENABLE_OBJC_WEAK = YES;
				CLANG_WARN_BLOCK_CAPTURE_AUTORELEASING = YES;
				CLANG_WARN_BOOL_CONVERSION = YES;
				CLANG_WARN_COMMA = YES;
				CLANG_WARN_CONSTANT_CONVERSION = YES;
				CLANG_WARN_DEPRECATED_OBJC_IMPLEMENTATIONS = YES;
				CLANG_WARN_DIRECT_OBJC_ISA_USAGE = YES_ERROR;
				CLANG_WARN_DOCUMENTATION_COMMENTS = YES;
				CLANG_WARN_EMPTY_BODY = YES;
				CLANG_WARN_ENUM_CONVERSION = YES;
				CLANG_WARN_INFINITE_RECURSION = YES;
				CLANG_WARN_INT_CONVERSION = YES;
				CLANG_WARN_NON_LITERAL_NULL_CONVERSION = YES;
				CLANG_WARN_OBJC_IMPLICIT_RETAIN_SELF = YES;
				CLANG_WARN_OBJC_LITERAL_CONVERSION = YES;
				CLANG_WARN_OBJC_ROOT_CLASS = YES_ERROR;
				CLANG_WARN_QUOTED_INCLUDE_IN_FRAMEWORK_HEADER = YES;
				CLANG_WARN_RANGE_LOOP_ANALYSIS = YES;
				CLANG_WARN_STRICT_PROTOTYPES = YES;
				CLANG_WARN_SUSPICIOUS_MOVE = YES;
				CLANG_WARN_UNGUARDED_AVAILABILITY = YES_AGGRESSIVE;
				CLANG_WARN_UNREACHABLE_CODE = YES;
				CLANG_WARN__DUPLICATE_METHOD_MATCH = YES;
				COPY_PHASE_STRIP = NO;
				DEBUG_INFORMATION_FORMAT = dwarf;
				ENABLE_STRICT_OBJC_MSGSEND = YES;
				ENABLE_TESTABILITY = YES;
				GCC_C_LANGUAGE_STANDARD = gnu11;
				GCC_DYNAMIC_NO_PIC = NO;
				GCC_NO_COMMON_BLOCKS = YES;
				GCC_OPTIMIZATION_LEVEL = 0;
				GCC_PREPROCESSOR_DEFINITIONS = (
					"DEBUG=1",
					"$(inherited)",
				);
				GCC_WARN_64_TO_32_BIT_CONVERSION = YES;
				GCC_WARN_ABOUT_RETURN_TYPE = YES_ERROR;
				GCC_WARN_UNDECLARED_SELECTOR = YES;
				GCC_WARN_UNINITIALIZED_AUTOS = YES_AGGRESSIVE;
				GCC_WARN_UNUSED_FUNCTION = YES;
				GCC_WARN_UNUSED_VARIABLE = YES;
				MTL_ENABLE_DEBUG_INFO = INCLUDE_SOURCE;
				MTL_FAST_MATH = YES;
				ONLY_ACTIVE_ARCH = YES;
				SWIFT_ACTIVE_COMPILATION_CONDITIONS = DEBUG;
				SWIFT_OPTIMIZATION_LEVEL = "-Onone";
			};
			name = Debug;
		};
		37313E572A6B6B5B00D3C058 /* Release */ = {
			isa = XCBuildConfiguration;
			buildSettings = {
				ALWAYS_SEARCH_USER_PATHS = NO;
				CLANG_ANALYZER_NONNULL = YES;
				CLANG_ANALYZER_NUMBER_OBJECT_CONVERSION = YES_AGGRESSIVE;
				CLANG_CXX_LANGUAGE_STANDARD = "gnu++20";
				CLANG_ENABLE_MODULES = YES;
				CLANG_ENABLE_OBJC_ARC = YES;
				CLANG_ENABLE_OBJC_WEAK = YES;
				CLANG_WARN_BLOCK_CAPTURE_AUTORELEASING = YES;
				CLANG_WARN_BOOL_CONVERSION = YES;
				CLANG_WARN_COMMA = YES;
				CLANG_WARN_CONSTANT_CONVERSION = YES;
				CLANG_WARN_DEPRECATED_OBJC_IMPLEMENTATIONS = YES;
				CLANG_WARN_DIRECT_OBJC_ISA_USAGE = YES_ERROR;
				CLANG_WARN_DOCUMENTATION_COMMENTS = YES;
				CLANG_WARN_EMPTY_BODY = YES;
				CLANG_WARN_ENUM_CONVERSION = YES;
				CLANG_WARN_INFINITE_RECURSION = YES;
				CLANG_WARN_INT_CONVERSION = YES;
				CLANG_WARN_NON_LITERAL_NULL_CONVERSION = YES;
				CLANG_WARN_OBJC_IMPLICIT_RETAIN_SELF = YES;
				CLANG_WARN_OBJC_LITERAL_CONVERSION = YES;
				CLANG_WARN_OBJC_ROOT_CLASS = YES_ERROR;
				CLANG_WARN_QUOTED_INCLUDE_IN_FRAMEWORK_HEADER = YES;
				CLANG_WARN_RANGE_LOOP_ANALYSIS = YES;
				CLANG_WARN_STRICT_PROTOTYPES = YES;
				CLANG_WARN_SUSPICIOUS_MOVE = YES;
				CLANG_WARN_UNGUARDED_AVAILABILITY = YES_AGGRESSIVE;
				CLANG_WARN_UNREACHABLE_CODE = YES;
				CLANG_WARN__DUPLICATE_METHOD_MATCH = YES;
				COPY_PHASE_STRIP = NO;
				DEBUG_INFORMATION_FORMAT = "dwarf-with-dsym";
				ENABLE_NS_ASSERTIONS = NO;
				ENABLE_STRICT_OBJC_MSGSEND = YES;
				GCC_C_LANGUAGE_STANDARD = gnu11;
				GCC_NO_COMMON_BLOCKS = YES;
				GCC_WARN_64_TO_32_BIT_CONVERSION = YES;
				GCC_WARN_ABOUT_RETURN_TYPE = YES_ERROR;
				GCC_WARN_UNDECLARED_SELECTOR = YES;
				GCC_WARN_UNINITIALIZED_AUTOS = YES_AGGRESSIVE;
				GCC_WARN_UNUSED_FUNCTION = YES;
				GCC_WARN_UNUSED_VARIABLE = YES;
				MTL_ENABLE_DEBUG_INFO = NO;
				MTL_FAST_MATH = YES;
				SWIFT_COMPILATION_MODE = wholemodule;
				SWIFT_OPTIMIZATION_LEVEL = "-O";
			};
			name = Release;
		};
		37313E592A6B6B5B00D3C058 /* Debug */ = {
			isa = XCBuildConfiguration;
			buildSettings = {
				ASSETCATALOG_COMPILER_APPICON_NAME = AppIcon;
				ASSETCATALOG_COMPILER_GLOBAL_ACCENT_COLOR_NAME = AccentColor;
				CODE_SIGN_ENTITLEMENTS = FlipClock/FlipClock.entitlements;
				CODE_SIGN_STYLE = Automatic;
				CURRENT_PROJECT_VERSION = 2;
				DEVELOPMENT_ASSET_PATHS = "\"FlipClock/Preview Content\"";
				DEVELOPMENT_TEAM = L6B3W3NNQ3;
				ENABLE_HARDENED_RUNTIME = YES;
				ENABLE_PREVIEWS = YES;
				GENERATE_INFOPLIST_FILE = YES;
				INFOPLIST_KEY_CFBundleDisplayName = "NeoFlip Clock";
				"INFOPLIST_KEY_UIApplicationSceneManifest_Generation[sdk=iphoneos*]" = YES;
				"INFOPLIST_KEY_UIApplicationSceneManifest_Generation[sdk=iphonesimulator*]" = YES;
				"INFOPLIST_KEY_UIApplicationSupportsIndirectInputEvents[sdk=iphoneos*]" = YES;
				"INFOPLIST_KEY_UIApplicationSupportsIndirectInputEvents[sdk=iphonesimulator*]" = YES;
				"INFOPLIST_KEY_UILaunchScreen_Generation[sdk=iphoneos*]" = YES;
				"INFOPLIST_KEY_UILaunchScreen_Generation[sdk=iphonesimulator*]" = YES;
				INFOPLIST_KEY_UIStatusBarHidden = NO;
				"INFOPLIST_KEY_UIStatusBarStyle[sdk=iphoneos*]" = UIStatusBarStyleDefault;
				"INFOPLIST_KEY_UIStatusBarStyle[sdk=iphonesimulator*]" = UIStatusBarStyleDefault;
				INFOPLIST_KEY_UISupportedInterfaceOrientations = UIInterfaceOrientationPortrait;
				INFOPLIST_KEY_UISupportedInterfaceOrientations_iPad = "UIInterfaceOrientationLandscapeLeft UIInterfaceOrientationLandscapeRight UIInterfaceOrientationPortrait UIInterfaceOrientationPortraitUpsideDown";
				IPHONEOS_DEPLOYMENT_TARGET = 16.4;
				LD_RUNPATH_SEARCH_PATHS = "@executable_path/Frameworks";
				"LD_RUNPATH_SEARCH_PATHS[sdk=macosx*]" = "@executable_path/../Frameworks";
				MACOSX_DEPLOYMENT_TARGET = 13.3;
				MARKETING_VERSION = 1.0;
				PRODUCT_BUNDLE_IDENTIFIER = pedroesli.FlipClock;
				PRODUCT_NAME = "$(TARGET_NAME)";
				SDKROOT = auto;
				SUPPORTED_PLATFORMS = "iphoneos iphonesimulator";
				SUPPORTS_MACCATALYST = NO;
				SUPPORTS_MAC_DESIGNED_FOR_IPHONE_IPAD = NO;
				SWIFT_EMIT_LOC_STRINGS = YES;
				SWIFT_VERSION = 5.0;
				TARGETED_DEVICE_FAMILY = 1;
			};
			name = Debug;
		};
		37313E5A2A6B6B5B00D3C058 /* Release */ = {
			isa = XCBuildConfiguration;
			buildSettings = {
				ASSETCATALOG_COMPILER_APPICON_NAME = AppIcon;
				ASSETCATALOG_COMPILER_GLOBAL_ACCENT_COLOR_NAME = AccentColor;
				CODE_SIGN_ENTITLEMENTS = FlipClock/FlipClock.entitlements;
				CODE_SIGN_STYLE = Automatic;
				CURRENT_PROJECT_VERSION = 2;
				DEVELOPMENT_ASSET_PATHS = "\"FlipClock/Preview Content\"";
				DEVELOPMENT_TEAM = L6B3W3NNQ3;
				ENABLE_HARDENED_RUNTIME = YES;
				ENABLE_PREVIEWS = YES;
				GENERATE_INFOPLIST_FILE = YES;
				INFOPLIST_KEY_CFBundleDisplayName = "NeoFlip Clock";
				"INFOPLIST_KEY_UIApplicationSceneManifest_Generation[sdk=iphoneos*]" = YES;
				"INFOPLIST_KEY_UIApplicationSceneManifest_Generation[sdk=iphonesimulator*]" = YES;
				"INFOPLIST_KEY_UIApplicationSupportsIndirectInputEvents[sdk=iphoneos*]" = YES;
				"INFOPLIST_KEY_UIApplicationSupportsIndirectInputEvents[sdk=iphonesimulator*]" = YES;
				"INFOPLIST_KEY_UILaunchScreen_Generation[sdk=iphoneos*]" = YES;
				"INFOPLIST_KEY_UILaunchScreen_Generation[sdk=iphonesimulator*]" = YES;
				INFOPLIST_KEY_UIStatusBarHidden = NO;
				"INFOPLIST_KEY_UIStatusBarStyle[sdk=iphoneos*]" = UIStatusBarStyleDefault;
				"INFOPLIST_KEY_UIStatusBarStyle[sdk=iphonesimulator*]" = UIStatusBarStyleDefault;
				INFOPLIST_KEY_UISupportedInterfaceOrientations = UIInterfaceOrientationPortrait;
				INFOPLIST_KEY_UISupportedInterfaceOrientations_iPad = "UIInterfaceOrientationLandscapeLeft UIInterfaceOrientationLandscapeRight UIInterfaceOrientationPortrait UIInterfaceOrientationPortraitUpsideDown";
				IPHONEOS_DEPLOYMENT_TARGET = 16.4;
				LD_RUNPATH_SEARCH_PATHS = "@executable_path/Frameworks";
				"LD_RUNPATH_SEARCH_PATHS[sdk=macosx*]" = "@executable_path/../Frameworks";
				MACOSX_DEPLOYMENT_TARGET = 13.3;
				MARKETING_VERSION = 1.0;
				PRODUCT_BUNDLE_IDENTIFIER = pedroesli.FlipClock;
				PRODUCT_NAME = "$(TARGET_NAME)";
				SDKROOT = auto;
				SUPPORTED_PLATFORMS = "iphoneos iphonesimulator";
				SUPPORTS_MACCATALYST = NO;
				SUPPORTS_MAC_DESIGNED_FOR_IPHONE_IPAD = NO;
				SWIFT_EMIT_LOC_STRINGS = YES;
				SWIFT_VERSION = 5.0;
				TARGETED_DEVICE_FAMILY = 1;
			};
			name = Release;
		};
/* End XCBuildConfiguration section */

/* Begin XCConfigurationList section */
		37313E442A6B6B5900D3C058 /* Build configuration list for PBXProject "FlipClock" */ = {
			isa = XCConfigurationList;
			buildConfigurations = (
				37313E562A6B6B5B00D3C058 /* Debug */,
				37313E572A6B6B5B00D3C058 /* Release */,
			);
			defaultConfigurationIsVisible = 0;
			defaultConfigurationName = Release;
		};
		37313E582A6B6B5B00D3C058 /* Build configuration list for PBXNativeTarget "FlipClock" */ = {
			isa = XCConfigurationList;
			buildConfigurations = (
				37313E592A6B6B5B00D3C058 /* Debug */,
				37313E5A2A6B6B5B00D3C058 /* Release */,
			);
			defaultConfigurationIsVisible = 0;
			defaultConfigurationName = Release;
		};
/* End XCConfigurationList section */

/* Begin XCRemoteSwiftPackageReference section */
		377F536A2A81435F00A9FF3C /* XCRemoteSwiftPackageReference "CornerRoundedRectangle" */ = {
			isa = XCRemoteSwiftPackageReference;
			repositoryURL = "https://github.com/pedroesli/CornerRoundedRectangle";
			requirement = {
				branch = main;
				kind = branch;
			};
		};
/* End XCRemoteSwiftPackageReference section */

/* Begin XCSwiftPackageProductDependency section */
		377F536B2A81435F00A9FF3C /* CornerRoundedRectangle */ = {
			isa = XCSwiftPackageProductDependency;
			package = 377F536A2A81435F00A9FF3C /* XCRemoteSwiftPackageReference "CornerRoundedRectangle" */;
			productName = CornerRoundedRectangle;
		};
/* End XCSwiftPackageProductDependency section */
	};
	rootObject = 37313E412A6B6B5900D3C058 /* Project object */;
}
